
Microsoft Visual Studio Solution File, Format Version 12.00
# Visual Studio 2012
Project("{FAE04EC0-301F-11D3-BF4B-00C04F79EFBC}") = "Execut0r", "Execut0r\Execut0r.csproj", "{B68A72FB-F82B-4145-82DD-300643DB5C5B}"
EndProject
Global
	GlobalSection(SolutionConfigurationPlatforms) = preSolution
		Debug|Any CPU = Debug|Any CPU
		Release|Any CPU = Release|Any CPU
	EndGlobalSection
	GlobalSection(ProjectConfigurationPlatforms) = postSolution
		{B68A72FB-F82B-4145-82DD-300643DB5C5B}.Debug|Any CPU.ActiveCfg = Debug|Any CPU
		{B68A72FB-F82B-4145-82DD-300643DB5C5B}.Debug|Any CPU.Build.0 = Debug|Any CPU
		{B68A72FB-F82B-4145-82DD-300643DB5C5B}.Release|Any CPU.ActiveCfg = Release|Any CPU
		{B68A72FB-F82B-4145-82DD-300643DB5C5B}.Release|Any CPU.Build.0 = Release|Any CPU
	EndGlobalSection
	GlobalSection(SolutionProperties) = preSolution
		HideSolutionNode = FALSE
	EndGlobalSection
EndGlobal
